uuid: f62cf7b4-4a36-46b1-b6ea-7965b5626aa2
langcode: en
status: true
dependencies:
  module:
    - cst_fitpreg
  theme:
    - fitpreg
id: social_block
theme: fitpreg
region: header
weight: -3
provider: null
plugin: social_block
settings:
  id: social_block
  label: 'Header social block'
  provider: cst_fitpreg
  label_display: visible
visibility: {  }
